
Microsoft Visual Studio Solution File, Format Version 12.00
# Visual Studio 14
VisualStudioVersion = 14.0.25420.1
MinimumVisualStudioVersion = 10.0.40219.1
Project("{FAE04EC0-301F-11D3-BF4B-00C04F79EFBC}") = "ManufacturingCompany", "ManufacturingCompany\ManufacturingCompany.csproj", "{B3B652FA-F40C-4D84-9E3E-5ACE1A8DE983}"
EndProject
Project("{FAE04EC0-301F-11D3-BF4B-00C04F79EFBC}") = "ManufacturingCompany.Tests", "ManufacturingCompany.Tests\ManufacturingCompany.Tests.csproj", "{7F21B09A-2EA4-4733-8E01-D398BF75EB94}"
EndProject
Global
	GlobalSection(SolutionConfigurationPlatforms) = preSolution
		Debug|Any CPU = Debug|Any CPU
		Release|Any CPU = Release|Any CPU
	EndGlobalSection
	GlobalSection(ProjectConfigurationPlatforms) = postSolution
		{B3B652FA-F40C-4D84-9E3E-5ACE1A8DE983}.Debug|Any CPU.ActiveCfg = Debug|Any CPU
		{B3B652FA-F40C-4D84-9E3E-5ACE1A8DE983}.Debug|Any CPU.Build.0 = Debug|Any CPU
		{B3B652FA-F40C-4D84-9E3E-5ACE1A8DE983}.Release|Any CPU.ActiveCfg = Release|Any CPU
		{B3B652FA-F40C-4D84-9E3E-5ACE1A8DE983}.Release|Any CPU.Build.0 = Release|Any CPU
		{7F21B09A-2EA4-4733-8E01-D398BF75EB94}.Debug|Any CPU.ActiveCfg = Debug|Any CPU
		{7F21B09A-2EA4-4733-8E01-D398BF75EB94}.Debug|Any CPU.Build.0 = Debug|Any CPU
		{7F21B09A-2EA4-4733-8E01-D398BF75EB94}.Release|Any CPU.ActiveCfg = Release|Any CPU
		{7F21B09A-2EA4-4733-8E01-D398BF75EB94}.Release|Any CPU.Build.0 = Release|Any CPU
	EndGlobalSection
	GlobalSection(SolutionProperties) = preSolution
		HideSolutionNode = FALSE
	EndGlobalSection
EndGlobal
